// !$*UTF8*$!
{
	archiveVersion = 1;
	classes = {
	};
	objectVersion = 46;
	objects = {

/* Begin PBXBuildFile section */
		6394819819E3961F00CBD3B8 /* Foundation.framework in Frameworks */ = {isa = PBXBuildFile; fileRef = 6394819719E3961F00CBD3B8 /* Foundation.framework */; };
		6394819A19E3961F00CBD3B8 /* CoreGraphics.framework in Frameworks */ = {isa = PBXBuildFile; fileRef = 6394819919E3961F00CBD3B8 /* CoreGraphics.framework */; };
		6394819C19E3961F00CBD3B8 /* UIKit.framework in Frameworks */ = {isa = PBXBuildFile; fileRef = 6394819B19E3961F00CBD3B8 /* UIKit.framework */; };
		639481A219E3961F00CBD3B8 /* InfoPlist.strings in Resources */ = {isa = PBXBuildFile; fileRef = 639481A019E3961F00CBD3B8 /* InfoPlist.strings */; };
		639481A419E3961F00CBD3B8 /* main.m in Sources */ = {isa = PBXBuildFile; fileRef = 639481A319E3961F00CBD3B8 /* main.m */; };
		639481A819E3961F00CBD3B8 /* AppDelegate.m in Sources */ = {isa = PBXBuildFile; fileRef = 639481A719E3961F00CBD3B8 /* AppDelegate.m */; };
		639481AB19E3961F00CBD3B8 /* Main.storyboard in Resources */ = {isa = PBXBuildFile; fileRef = 639481A919E3961F00CBD3B8 /* Main.storyboard */; };
		639481AE19E3961F00CBD3B8 /* ViewController.m in Sources */ = {isa = PBXBuildFile; fileRef = 639481AD19E3961F00CBD3B8 /* ViewController.m */; };
		639481B019E3961F00CBD3B8 /* Images.xcassets in Resources */ = {isa = PBXBuildFile; fileRef = 639481AF19E3961F00CBD3B8 /* Images.xcassets */; };
		639481B719E3962000CBD3B8 /* XCTest.framework in Frameworks */ = {isa = PBXBuildFile; fileRef = 639481B619E3962000CBD3B8 /* XCTest.framework */; };
		639481B819E3962000CBD3B8 /* Foundation.framework in Frameworks */ = {isa = PBXBuildFile; fileRef = 6394819719E3961F00CBD3B8 /* Foundation.framework */; };
		639481B919E3962000CBD3B8 /* UIKit.framework in Frameworks */ = {isa = PBXBuildFile; fileRef = 6394819B19E3961F00CBD3B8 /* UIKit.framework */; };
		639481C119E3962000CBD3B8 /* InfoPlist.strings in Resources */ = {isa = PBXBuildFile; fileRef = 639481BF19E3962000CBD3B8 /* InfoPlist.strings */; };
		639481C319E3962000CBD3B8 /* SwarmSDKDemoTests.m in Sources */ = {isa = PBXBuildFile; fileRef = 639481C219E3962000CBD3B8 /* SwarmSDKDemoTests.m */; };
/* End PBXBuildFile section */

/* Begin PBXContainerItemProxy section */
		639481BA19E3962000CBD3B8 /* PBXContainerItemProxy */ = {
			isa = PBXContainerItemProxy;
			containerPortal = 6394818C19E3961F00CBD3B8 /* Project object */;
			proxyType = 1;
			remoteGlobalIDString = 6394819319E3961F00CBD3B8;
			remoteInfo = SwarmSDKDemo;
		};
/* End PBXContainerItemProxy section */

/* Begin PBXFileReference section */
		6394819419E3961F00CBD3B8 /* SwarmSDKDemo.app */ = {isa = PBXFileReference; explicitFileType = wrapper.application; includeInIndex = 0; path = SwarmSDKDemo.app; sourceTree = BUILT_PRODUCTS_DIR; };
		6394819719E3961F00CBD3B8 /* Foundation.framework */ = {isa = PBXFileReference; lastKnownFileType = wrapper.framework; name = Foundation.framework; path = System/Library/Frameworks/Foundation.framework; sourceTree = SDKROOT; };
		6394819919E3961F00CBD3B8 /* CoreGraphics.framework */ = {isa = PBXFileReference; lastKnownFileType = wrapper.framework; name = CoreGraphics.framework; path = System/Library/Frameworks/CoreGraphics.framework; sourceTree = SDKROOT; };
		6394819B19E3961F00CBD3B8 /* UIKit.framework */ = {isa = PBXFileReference; lastKnownFileType = wrapper.framework; name = UIKit.framework; path = System/Library/Frameworks/UIKit.framework; sourceTree = SDKROOT; };
		6394819F19E3961F00CBD3B8 /* SwarmSDKDemo-Info.plist */ = {isa = PBXFileReference; lastKnownFileType = text.plist.xml; path = "SwarmSDKDemo-Info.plist"; sourceTree = "<group>"; };
		639481A119E3961F00CBD3B8 /* en */ = {isa = PBXFileReference; lastKnownFileType = text.plist.strings; name = en; path = en.lproj/InfoPlist.strings; sourceTree = "<group>"; };
		639481A319E3961F00CBD3B8 /* main.m */ = {isa = PBXFileReference; lastKnownFileType = sourcecode.c.objc; path = main.m; sourceTree = "<group>"; };
		639481A519E3961F00CBD3B8 /* SwarmSDKDemo-Prefix.pch */ = {isa = PBXFileReference; lastKnownFileType = sourcecode.c.h; path = "SwarmSDKDemo-Prefix.pch"; sourceTree = "<group>"; };
		639481A619E3961F00CBD3B8 /* AppDelegate.h */ = {isa = PBXFileReference; lastKnownFileType = sourcecode.c.h; path = AppDelegate.h; sourceTree = "<group>"; };
		639481A719E3961F00CBD3B8 /* AppDelegate.m */ = {isa = PBXFileReference; lastKnownFileType = sourcecode.c.objc; path = AppDelegate.m; sourceTree = "<group>"; };
		639481AA19E3961F00CBD3B8 /* Base */ = {isa = PBXFileReference; lastKnownFileType = file.storyboard; name = Base; path = Base.lproj/Main.storyboard; sourceTree = "<group>"; };
		639481AC19E3961F00CBD3B8 /* ViewController.h */ = {isa = PBXFileReference; lastKnownFileType = sourcecode.c.h; path = ViewController.h; sourceTree = "<group>"; };
		639481AD19E3961F00CBD3B8 /* ViewController.m */ = {isa = PBXFileReference; lastKnownFileType = sourcecode.c.objc; path = ViewController.m; sourceTree = "<group>"; };
		639481AF19E3961F00CBD3B8 /* Images.xcassets */ = {isa = PBXFileReference; lastKnownFileType = folder.assetcatalog; path = Images.xcassets; sourceTree = "<group>"; };
		639481B519E3962000CBD3B8 /* SwarmSDKDemoTests.xctest */ = {isa = PBXFileReference; explicitFileType = wrapper.cfbundle; includeInIndex = 0; path = SwarmSDKDemoTests.xctest; sourceTree = BUILT_PRODUCTS_DIR; };
		639481B619E3962000CBD3B8 /* XCTest.framework */ = {isa = PBXFileReference; lastKnownFileType = wrapper.framework; name = XCTest.framework; path = Library/Frameworks/XCTest.framework; sourceTree = DEVELOPER_DIR; };
		639481BE19E3962000CBD3B8 /* SwarmSDKDemoTests-Info.plist */ = {isa = PBXFileReference; lastKnownFileType = text.plist.xml; path = "SwarmSDKDemoTests-Info.plist"; sourceTree = "<group>"; };
		639481C019E3962000CBD3B8 /* en */ = {isa = PBXFileReference; lastKnownFileType = text.plist.strings; name = en; path = en.lproj/InfoPlist.strings; sourceTree = "<group>"; };
		639481C219E3962000CBD3B8 /* SwarmSDKDemoTests.m */ = {isa = PBXFileReference; lastKnownFileType = sourcecode.c.objc; path = SwarmSDKDemoTests.m; sourceTree = "<group>"; };
/* End PBXFileReference section */

/* Begin PBXFrameworksBuildPhase section */
		6394819119E3961F00CBD3B8 /* Frameworks */ = {
			isa = PBXFrameworksBuildPhase;
			buildActionMask = 2147483647;
			files = (
				6394819A19E3961F00CBD3B8 /* CoreGraphics.framework in Frameworks */,
				6394819C19E3961F00CBD3B8 /* UIKit.framework in Frameworks */,
				6394819819E3961F00CBD3B8 /* Foundation.framework in Frameworks */,
			);
			runOnlyForDeploymentPostprocessing = 0;
		};
		639481B219E3962000CBD3B8 /* Frameworks */ = {
			isa = PBXFrameworksBuildPhase;
			buildActionMask = 2147483647;
			files = (
				639481B719E3962000CBD3B8 /* XCTest.framework in Frameworks */,
				639481B919E3962000CBD3B8 /* UIKit.framework in Frameworks */,
				639481B819E3962000CBD3B8 /* Foundation.framework in Frameworks */,
			);
			runOnlyForDeploymentPostprocessing = 0;
		};
/* End PBXFrameworksBuildPhase section */

/* Begin PBXGroup section */
		6394818B19E3961F00CBD3B8 = {
			isa = PBXGroup;
			children = (
				6394819D19E3961F00CBD3B8 /* SwarmSDKDemo */,
				639481BC19E3962000CBD3B8 /* SwarmSDKDemoTests */,
				6394819619E3961F00CBD3B8 /* Frameworks */,
				6394819519E3961F00CBD3B8 /* Products */,
			);
			sourceTree = "<group>";
		};
		6394819519E3961F00CBD3B8 /* Products */ = {
			isa = PBXGroup;
			children = (
				6394819419E3961F00CBD3B8 /* SwarmSDKDemo.app */,
				639481B519E3962000CBD3B8 /* SwarmSDKDemoTests.xctest */,
			);
			name = Products;
			sourceTree = "<group>";
		};
		6394819619E3961F00CBD3B8 /* Frameworks */ = {
			isa = PBXGroup;
			children = (
				6394819719E3961F00CBD3B8 /* Foundation.framework */,
				6394819919E3961F00CBD3B8 /* CoreGraphics.framework */,
				6394819B19E3961F00CBD3B8 /* UIKit.framework */,
				639481B619E3962000CBD3B8 /* XCTest.framework */,
			);
			name = Frameworks;
			sourceTree = "<group>";
		};
		6394819D19E3961F00CBD3B8 /* SwarmSDKDemo */ = {
			isa = PBXGroup;
			children = (
				639481A619E3961F00CBD3B8 /* AppDelegate.h */,
				639481A719E3961F00CBD3B8 /* AppDelegate.m */,
				639481A919E3961F00CBD3B8 /* Main.storyboard */,
				639481AC19E3961F00CBD3B8 /* ViewController.h */,
				639481AD19E3961F00CBD3B8 /* ViewController.m */,
				639481AF19E3961F00CBD3B8 /* Images.xcassets */,
				6394819E19E3961F00CBD3B8 /* Supporting Files */,
			);
			path = SwarmSDKDemo;
			sourceTree = "<group>";
		};
		6394819E19E3961F00CBD3B8 /* Supporting Files */ = {
			isa = PBXGroup;
			children = (
				6394819F19E3961F00CBD3B8 /* SwarmSDKDemo-Info.plist */,
				639481A019E3961F00CBD3B8 /* InfoPlist.strings */,
				639481A319E3961F00CBD3B8 /* main.m */,
				639481A519E3961F00CBD3B8 /* SwarmSDKDemo-Prefix.pch */,
			);
			name = "Supporting Files";
			sourceTree = "<group>";
		};
		639481BC19E3962000CBD3B8 /* SwarmSDKDemoTests */ = {
			isa = PBXGroup;
			children = (
				639481C219E3962000CBD3B8 /* SwarmSDKDemoTests.m */,
				639481BD19E3962000CBD3B8 /* Supporting Files */,
			);
			path = SwarmSDKDemoTests;
			sourceTree = "<group>";
		};
		639481BD19E3962000CBD3B8 /* Supporting Files */ = {
			isa = PBXGroup;
			children = (
				639481BE19E3962000CBD3B8 /* SwarmSDKDemoTests-Info.plist */,
				639481BF19E3962000CBD3B8 /* InfoPlist.strings */,
			);
			name = "Supporting Files";
			sourceTree = "<group>";
		};
/* End PBXGroup section */

/* Begin PBXNativeTarget section */
		6394819319E3961F00CBD3B8 /* SwarmSDKDemo */ = {
			isa = PBXNativeTarget;
			buildConfigurationList = 639481C619E3962000CBD3B8 /* Build configuration list for PBXNativeTarget "SwarmSDKDemo" */;
			buildPhases = (
				6394819019E3961F00CBD3B8 /* Sources */,
				6394819119E3961F00CBD3B8 /* Frameworks */,
				6394819219E3961F00CBD3B8 /* Resources */,
			);
			buildRules = (
			);
			dependencies = (
			);
			name = SwarmSDKDemo;
			productName = SwarmSDKDemo;
			productReference = 6394819419E3961F00CBD3B8 /* SwarmSDKDemo.app */;
			productType = "com.apple.product-type.application";
		};
		639481B419E3962000CBD3B8 /* SwarmSDKDemoTests */ = {
			isa = PBXNativeTarget;
			buildConfigurationList = 639481C919E3962000CBD3B8 /* Build configuration list for PBXNativeTarget "SwarmSDKDemoTests" */;
			buildPhases = (
				639481B119E3962000CBD3B8 /* Sources */,
				639481B219E3962000CBD3B8 /* Frameworks */,
				639481B319E3962000CBD3B8 /* Resources */,
			);
			buildRules = (
			);
			dependencies = (
				639481BB19E3962000CBD3B8 /* PBXTargetDependency */,
			);
			name = SwarmSDKDemoTests;
			productName = SwarmSDKDemoTests;
			productReference = 639481B519E3962000CBD3B8 /* SwarmSDKDemoTests.xctest */;
			productType = "com.apple.product-type.bundle.unit-test";
		};
/* End PBXNativeTarget section */

/* Begin PBXProject section */
		6394818C19E3961F00CBD3B8 /* Project object */ = {
			isa = PBXProject;
			attributes = {
				LastUpgradeCheck = 0510;
				ORGANIZATIONNAME = "___FULLUSERNAME___";
				TargetAttributes = {
					639481B419E3962000CBD3B8 = {
						TestTargetID = 6394819319E3961F00CBD3B8;
					};
				};
			};
			buildConfigurationList = 6394818F19E3961F00CBD3B8 /* Build configuration list for PBXProject "SwarmSDKDemo" */;
			compatibilityVersion = "Xcode 3.2";
			developmentRegion = English;
			hasScannedForEncodings = 0;
			knownRegions = (
				en,
				Base,
			);
			mainGroup = 6394818B19E3961F00CBD3B8;
			productRefGroup = 6394819519E3961F00CBD3B8 /* Products */;
			projectDirPath = "";
			projectRoot = "";
			targets = (
				6394819319E3961F00CBD3B8 /* SwarmSDKDemo */,
				639481B419E3962000CBD3B8 /* SwarmSDKDemoTests */,
			);
		};
/* End PBXProject section */

/* Begin PBXResourcesBuildPhase section */
		6394819219E3961F00CBD3B8 /* Resources */ = {
			isa = PBXResourcesBuildPhase;
			buildActionMask = 2147483647;
			files = (
				639481B019E3961F00CBD3B8 /* Images.xcassets in Resources */,
				639481A219E3961F00CBD3B8 /* InfoPlist.strings in Resources */,
				639481AB19E3961F00CBD3B8 /* Main.storyboard in Resources */,
			);
			runOnlyForDeploymentPostprocessing = 0;
		};
		639481B319E3962000CBD3B8 /* Resources */ = {
			isa = PBXResourcesBuildPhase;
			buildActionMask = 2147483647;
			files = (
				639481C119E3962000CBD3B8 /* InfoPlist.strings in Resources */,
			);
			runOnlyForDeploymentPostprocessing = 0;
		};
/* End PBXResourcesBuildPhase section */

/* Begin PBXSourcesBuildPhase section */
		6394819019E3961F00CBD3B8 /* Sources */ = {
			isa = PBXSourcesBuildPhase;
			buildActionMask = 2147483647;
			files = (
				639481AE19E3961F00CBD3B8 /* ViewController.m in Sources */,
				639481A819E3961F00CBD3B8 /* AppDelegate.m in Sources */,
				639481A419E3961F00CBD3B8 /* main.m in Sources */,
			);
			runOnlyForDeploymentPostprocessing = 0;
		};
		639481B119E3962000CBD3B8 /* Sources */ = {
			isa = PBXSourcesBuildPhase;
			buildActionMask = 2147483647;
			files = (
				639481C319E3962000CBD3B8 /* SwarmSDKDemoTests.m in Sources */,
			);
			runOnlyForDeploymentPostprocessing = 0;
		};
/* End PBXSourcesBuildPhase section */

/* Begin PBXTargetDependency section */
		639481BB19E3962000CBD3B8 /* PBXTargetDependency */ = {
			isa = PBXTargetDependency;
			target = 6394819319E3961F00CBD3B8 /* SwarmSDKDemo */;
			targetProxy = 639481BA19E3962000CBD3B8 /* PBXContainerItemProxy */;
		};
/* End PBXTargetDependency section */

/* Begin PBXVariantGroup section */
		639481A019E3961F00CBD3B8 /* InfoPlist.strings */ = {
			isa = PBXVariantGroup;
			children = (
				639481A119E3961F00CBD3B8 /* en */,
			);
			name = InfoPlist.strings;
			sourceTree = "<group>";
		};
		639481A919E3961F00CBD3B8 /* Main.storyboard */ = {
			isa = PBXVariantGroup;
			children = (
				639481AA19E3961F00CBD3B8 /* Base */,
			);
			name = Main.storyboard;
			sourceTree = "<group>";
		};
		639481BF19E3962000CBD3B8 /* InfoPlist.strings */ = {
			isa = PBXVariantGroup;
			children = (
				639481C019E3962000CBD3B8 /* en */,
			);
			name = InfoPlist.strings;
			sourceTree = "<group>";
		};
/* End PBXVariantGroup section */

/* Begin XCBuildConfiguration section */
		639481C419E3962000CBD3B8 /* Debug */ = {
			isa = XCBuildConfiguration;
			buildSettings = {
				ALWAYS_SEARCH_USER_PATHS = NO;
				CLANG_CXX_LANGUAGE_STANDARD = "gnu++0x";
				CLANG_CXX_LIBRARY = "libc++";
				CLANG_ENABLE_MODULES = YES;
				CLANG_ENABLE_OBJC_ARC = YES;
				CLANG_WARN_BOOL_CONVERSION = YES;
				CLANG_WARN_CONSTANT_CONVERSION = YES;
				CLANG_WARN_DIRECT_OBJC_ISA_USAGE = YES_ERROR;
				CLANG_WARN_EMPTY_BODY = YES;
				CLANG_WARN_ENUM_CONVERSION = YES;
				CLANG_WARN_INT_CONVERSION = YES;
				CLANG_WARN_OBJC_ROOT_CLASS = YES_ERROR;
				CLANG_WARN__DUPLICATE_METHOD_MATCH = YES;
				"CODE_SIGN_IDENTITY[sdk=iphoneos*]" = "iPhone Developer";
				COPY_PHASE_STRIP = NO;
				GCC_C_LANGUAGE_STANDARD = gnu99;
				GCC_DYNAMIC_NO_PIC = NO;
				GCC_OPTIMIZATION_LEVEL = 0;
				GCC_PREPROCESSOR_DEFINITIONS = (
					"DEBUG=1",
					"$(inherited)",
				);
				GCC_SYMBOLS_PRIVATE_EXTERN = NO;
				GCC_WARN_64_TO_32_BIT_CONVERSION = YES;
				GCC_WARN_ABOUT_RETURN_TYPE = YES_ERROR;
				GCC_WARN_UNDECLARED_SELECTOR = YES;
				GCC_WARN_UNINITIALIZED_AUTOS = YES_AGGRESSIVE;
				GCC_WARN_UNUSED_FUNCTION = YES;
				GCC_WARN_UNUSED_VARIABLE = YES;
				IPHONEOS_DEPLOYMENT_TARGET = 7.1;
				ONLY_ACTIVE_ARCH = YES;
				SDKROOT = iphoneos;
				TARGETED_DEVICE_FAMILY = 2;
			};
			name = Debug;
		};
		639481C519E3962000CBD3B8 /* Release */ = {
			isa = XCBuildConfiguration;
			buildSettings = {
				ALWAYS_SEARCH_USER_PATHS = NO;
				CLANG_CXX_LANGUAGE_STANDARD = "gnu++0x";
				CLANG_CXX_LIBRARY = "libc++";
				CLANG_ENABLE_MODULES = YES;
				CLANG_ENABLE_OBJC_ARC = YES;
				CLANG_WARN_BOOL_CONVERSION = YES;
				CLANG_WARN_CONSTANT_CONVERSION = YES;
				CLANG_WARN_DIRECT_OBJC_ISA_USAGE = YES_ERROR;
				CLANG_WARN_EMPTY_BODY = YES;
				CLANG_WARN_ENUM_CONVERSION = YES;
				CLANG_WARN_INT_CONVERSION = YES;
				CLANG_WARN_OBJC_ROOT_CLASS = YES_ERROR;
				CLANG_WARN__DUPLICATE_METHOD_MATCH = YES;
				"CODE_SIGN_IDENTITY[sdk=iphoneos*]" = "iPhone Developer";
				COPY_PHASE_STRIP = YES;
				ENABLE_NS_ASSERTIONS = NO;
				GCC_C_LANGUAGE_STANDARD = gnu99;
				GCC_WARN_64_TO_32_BIT_CONVERSION = YES;
				GCC_WARN_ABOUT_RETURN_TYPE = YES_ERROR;
				GCC_WARN_UNDECLARED_SELECTOR = YES;
				GCC_WARN_UNINITIALIZED_AUTOS = YES_AGGRESSIVE;
				GCC_WARN_UNUSED_FUNCTION = YES;
				GCC_WARN_UNUSED_VARIABLE = YES;
				IPHONEOS_DEPLOYMENT_TARGET = 7.1;
				SDKROOT = iphoneos;
				TARGETED_DEVICE_FAMILY = 2;
				VALIDATE_PRODUCT = YES;
			};
			name = Release;
		};
		639481C719E3962000CBD3B8 /* Debug */ = {
			isa = XCBuildConfiguration;
			buildSettings = {
				ASSETCATALOG_COMPILER_APPICON_NAME = AppIcon;
				ASSETCATALOG_COMPILER_LAUNCHIMAGE_NAME = LaunchImage;
				GCC_PRECOMPILE_PREFIX_HEADER = YES;
				GCC_PREFIX_HEADER = "SwarmSDKDemo/SwarmSDKDemo-Prefix.pch";
				INFOPLIST_FILE = "SwarmSDKDemo/SwarmSDKDemo-Info.plist";
				PRODUCT_NAME = "$(TARGET_NAME)";
				WRAPPER_EXTENSION = app;
			};
			name = Debug;
		};
		639481C819E3962000CBD3B8 /* Release */ = {
			isa = XCBuildConfiguration;
			buildSettings = {
				ASSETCATALOG_COMPILER_APPICON_NAME = AppIcon;
				ASSETCATALOG_COMPILER_LAUNCHIMAGE_NAME = LaunchImage;
				GCC_PRECOMPILE_PREFIX_HEADER = YES;
				GCC_PREFIX_HEADER = "SwarmSDKDemo/SwarmSDKDemo-Prefix.pch";
				INFOPLIST_FILE = "SwarmSDKDemo/SwarmSDKDemo-Info.plist";
				PRODUCT_NAME = "$(TARGET_NAME)";
				WRAPPER_EXTENSION = app;
			};
			name = Release;
		};
		639481CA19E3962000CBD3B8 /* Debug */ = {
			isa = XCBuildConfiguration;
			buildSettings = {
				BUNDLE_LOADER = "$(BUILT_PRODUCTS_DIR)/SwarmSDKDemo.app/SwarmSDKDemo";
				FRAMEWORK_SEARCH_PATHS = (
					"$(SDKROOT)/Developer/Library/Frameworks",
					"$(inherited)",
					"$(DEVELOPER_FRAMEWORKS_DIR)",
				);
				GCC_PRECOMPILE_PREFIX_HEADER = YES;
				GCC_PREFIX_HEADER = "SwarmSDKDemo/SwarmSDKDemo-Prefix.pch";
				GCC_PREPROCESSOR_DEFINITIONS = (
					"DEBUG=1",
					"$(inherited)",
				);
				INFOPLIST_FILE = "SwarmSDKDemoTests/SwarmSDKDemoTests-Info.plist";
				PRODUCT_NAME = "$(TARGET_NAME)";
				TEST_HOST = "$(BUNDLE_LOADER)";
				WRAPPER_EXTENSION = xctest;
			};
			name = Debug;
		};
		639481CB19E3962000CBD3B8 /* Release */ = {
			isa = XCBuildConfiguration;
			buildSettings = {
				BUNDLE_LOADER = "$(BUILT_PRODUCTS_DIR)/SwarmSDKDemo.app/SwarmSDKDemo";
				FRAMEWORK_SEARCH_PATHS = (
					"$(SDKROOT)/Developer/Library/Frameworks",
					"$(inherited)",
					"$(DEVELOPER_FRAMEWORKS_DIR)",
				);
				GCC_PRECOMPILE_PREFIX_HEADER = YES;
				GCC_PREFIX_HEADER = "SwarmSDKDemo/SwarmSDKDemo-Prefix.pch";
				INFOPLIST_FILE = "SwarmSDKDemoTests/SwarmSDKDemoTests-Info.plist";
				PRODUCT_NAME = "$(TARGET_NAME)";
				TEST_HOST = "$(BUNDLE_LOADER)";
				WRAPPER_EXTENSION = xctest;
			};
			name = Release;
		};
/* End XCBuildConfiguration section */

/* Begin XCConfigurationList section */
		6394818F19E3961F00CBD3B8 /* Build configuration list for PBXProject "SwarmSDKDemo" */ = {
			isa = XCConfigurationList;
			buildConfigurations = (
				639481C419E3962000CBD3B8 /* Debug */,
				639481C519E3962000CBD3B8 /* Release */,
			);
			defaultConfigurationIsVisible = 0;
			defaultConfigurationName = Release;
		};
		639481C619E3962000CBD3B8 /* Build configuration list for PBXNativeTarget "SwarmSDKDemo" */ = {
			isa = XCConfigurationList;
			buildConfigurations = (
				639481C719E3962000CBD3B8 /* Debug */,
				639481C819E3962000CBD3B8 /* Release */,
			);
			defaultConfigurationIsVisible = 0;
		};
		639481C919E3962000CBD3B8 /* Build configuration list for PBXNativeTarget "SwarmSDKDemoTests" */ = {
			isa = XCConfigurationList;
			buildConfigurations = (
				639481CA19E3962000CBD3B8 /* Debug */,
				639481CB19E3962000CBD3B8 /* Release */,
			);
			defaultConfigurationIsVisible = 0;
		};
/* End XCConfigurationList section */
	};
	rootObject = 6394818C19E3961F00CBD3B8 /* Project object */;
}
